
Microsoft Visual Studio Solution File, Format Version 12.00
# Visual Studio Version 16
VisualStudioVersion = 16.0.30804.86
MinimumVisualStudioVersion = 10.0.40219.1
Project("{FAE04EC0-301F-11D3-BF4B-00C04F79EFBC}") = "FibonacciMultiplicationTableConsoleApp", "FibonacciConsoleApp\FibonacciMultiplicationTableConsoleApp.csproj", "{151B6BD1-D2EF-41AB-B9FA-A5786D31AFB5}"
EndProject
Project("{FAE04EC0-301F-11D3-BF4B-00C04F79EFBC}") = "FibonacciMultiplicationTableConsoleAppTests", "FibonacciConsoleAppTests\FibonacciMultiplicationTableConsoleAppTests.csproj", "{7F485DDD-D9B2-4DCC-B89E-E902720BD226}"
EndProject
Global
	GlobalSection(SolutionConfigurationPlatforms) = preSolution
		Debug|Any CPU = Debug|Any CPU
		Release|Any CPU = Release|Any CPU
	EndGlobalSection
	GlobalSection(ProjectConfigurationPlatforms) = postSolution
		{151B6BD1-D2EF-41AB-B9FA-A5786D31AFB5}.Debug|Any CPU.ActiveCfg = Debug|Any CPU
		{151B6BD1-D2EF-41AB-B9FA-A5786D31AFB5}.Debug|Any CPU.Build.0 = Debug|Any CPU
		{151B6BD1-D2EF-41AB-B9FA-A5786D31AFB5}.Release|Any CPU.ActiveCfg = Release|Any CPU
		{151B6BD1-D2EF-41AB-B9FA-A5786D31AFB5}.Release|Any CPU.Build.0 = Release|Any CPU
		{7F485DDD-D9B2-4DCC-B89E-E902720BD226}.Debug|Any CPU.ActiveCfg = Debug|Any CPU
		{7F485DDD-D9B2-4DCC-B89E-E902720BD226}.Debug|Any CPU.Build.0 = Debug|Any CPU
		{7F485DDD-D9B2-4DCC-B89E-E902720BD226}.Release|Any CPU.ActiveCfg = Release|Any CPU
		{7F485DDD-D9B2-4DCC-B89E-E902720BD226}.Release|Any CPU.Build.0 = Release|Any CPU
	EndGlobalSection
	GlobalSection(SolutionProperties) = preSolution
		HideSolutionNode = FALSE
	EndGlobalSection
	GlobalSection(ExtensibilityGlobals) = postSolution
		SolutionGuid = {A19EBFCC-46A1-4E47-8358-A2AF2506E8F2}
	EndGlobalSection
EndGlobal
