
Microsoft Visual Studio Solution File, Format Version 12.00
# Visual Studio Version 16
VisualStudioVersion = 16.0.30804.86
MinimumVisualStudioVersion = 10.0.40219.1
Project("{FAE04EC0-301F-11D3-BF4B-00C04F79EFBC}") = "FibonacciRestApi", "FibonacciRestApi\FibonacciRestApi.csproj", "{CE787B1C-B08C-4F0A-B728-999111324779}"
EndProject
Project("{FAE04EC0-301F-11D3-BF4B-00C04F79EFBC}") = "FibonacciRestApi.Tests", "FibonacciRestApi.Tests\FibonacciRestApi.Tests.csproj", "{47B5CBA8-D208-4855-BE31-2995FF5B96ED}"
EndProject
Global
	GlobalSection(SolutionConfigurationPlatforms) = preSolution
		Debug|Any CPU = Debug|Any CPU
		Release|Any CPU = Release|Any CPU
	EndGlobalSection
	GlobalSection(ProjectConfigurationPlatforms) = postSolution
		{CE787B1C-B08C-4F0A-B728-999111324779}.Debug|Any CPU.ActiveCfg = Debug|Any CPU
		{CE787B1C-B08C-4F0A-B728-999111324779}.Debug|Any CPU.Build.0 = Debug|Any CPU
		{CE787B1C-B08C-4F0A-B728-999111324779}.Release|Any CPU.ActiveCfg = Release|Any CPU
		{CE787B1C-B08C-4F0A-B728-999111324779}.Release|Any CPU.Build.0 = Release|Any CPU
		{47B5CBA8-D208-4855-BE31-2995FF5B96ED}.Debug|Any CPU.ActiveCfg = Debug|Any CPU
		{47B5CBA8-D208-4855-BE31-2995FF5B96ED}.Debug|Any CPU.Build.0 = Debug|Any CPU
		{47B5CBA8-D208-4855-BE31-2995FF5B96ED}.Release|Any CPU.ActiveCfg = Release|Any CPU
		{47B5CBA8-D208-4855-BE31-2995FF5B96ED}.Release|Any CPU.Build.0 = Release|Any CPU
	EndGlobalSection
	GlobalSection(SolutionProperties) = preSolution
		HideSolutionNode = FALSE
	EndGlobalSection
	GlobalSection(ExtensibilityGlobals) = postSolution
		SolutionGuid = {14CC3342-8DF2-46E9-B9D5-E59C194893CC}
	EndGlobalSection
EndGlobal
